{
  "name": "js-unittest-coverage",
  "version": "1.0.0",
  "lockfileVersion": 1,
  "requires": true,
  "dependencies": {
    "abbrev": {
      "version": "1.0.9",
      "resolved": "http://r.npm.sankuai.com/abbrev/download/abbrev-1.0.9.tgz",
      "integrity": "sha1-kbR5JYinc4wl813W9jdSovh3YTU="
    },
    "amdefine": {
      "version": "1.0.1",
      "resolved": "http://r.npm.sankuai.com/amdefine/download/amdefine-1.0.1.tgz",
      "integrity": "sha1-SlKCrBZHKek2Gbz9OtFR+BfOkfU=",
      "optional": true
    },
    "argparse": {
      "version": "1.0.10",
      "resolved": "http://r.npm.sankuai.com/argparse/download/argparse-1.0.10.tgz",
      "integrity": "sha1-vNZ5HqWuCXJeF+WtmIE0zUCz2RE=",
      "requires": {
        "sprintf-js": "~1.0.2"
      }
    },
    "assertion-error": {
      "version": "1.1.0",
      "resolved": "http://r.npm.sankuai.com/assertion-error/download/assertion-error-1.1.0.tgz",
      "integrity": "sha1-5gtrDo8wG9l+U3UhW9pAbIURjAs="
    },
    "async": {
      "version": "1.5.2",
      "resolved": "http://r.npm.sankuai.com/async/download/async-1.5.2.tgz",
      "integrity": "sha1-7GphrlZIDAw8skHJVhjiCJL5Zyo="
    },
    "balanced-match": {
      "version": "1.0.0",
      "resolved": "http://r.npm.sankuai.com/balanced-match/download/balanced-match-1.0.0.tgz",
      "integrity": "sha1-ibTRmasr7kneFk6gK4nORi1xt2c="
    },
    "brace-expansion": {
      "version": "1.1.11",
      "resolved": "http://r.npm.sankuai.com/brace-expansion/download/brace-expansion-1.1.11.tgz",
      "integrity": "sha1-PH/L9SnYcibz0vUrlm/1Jx60Qd0=",
      "requires": {
        "balanced-match": "^1.0.0",
        "concat-map": "0.0.1"
      }
    },
    "chai": {
      "version": "4.2.0",
      "resolved": "http://r.npm.sankuai.com/chai/download/chai-4.2.0.tgz",
      "integrity": "sha1-dgqnLPION5XoSxKHfODoNzeqKeU=",
      "requires": {
        "assertion-error": "^1.1.0",
        "check-error": "^1.0.2",
        "deep-eql": "^3.0.1",
        "get-func-name": "^2.0.0",
        "pathval": "^1.1.0",
        "type-detect": "^4.0.5"
      }
    },
    "check-error": {
      "version": "1.0.2",
      "resolved": "http://r.npm.sankuai.com/check-error/download/check-error-1.0.2.tgz",
      "integrity": "sha1-V00xLt2Iu13YkS6Sht1sCu1KrII="
    },
    "commander": {
      "version": "2.20.3",
      "resolved": "http://r.npm.sankuai.com/commander/download/commander-2.20.3.tgz",
      "integrity": "sha1-/UhehMA+tIgcIHIrpIA16FMa6zM=",
      "optional": true
    },
    "concat-map": {
      "version": "0.0.1",
      "resolved": "http://r.npm.sankuai.com/concat-map/download/concat-map-0.0.1.tgz",
      "integrity": "sha1-2Klr13/Wjfd5OnMDajug1UBdR3s="
    },
    "deep-eql": {
      "version": "3.0.1",
      "resolved": "http://r.npm.sankuai.com/deep-eql/download/deep-eql-3.0.1.tgz",
      "integrity": "sha1-38lARACtHI/gI+faHfHBR8S0RN8=",
      "requires": {
        "type-detect": "^4.0.0"
      }
    },
    "deep-is": {
      "version": "0.1.3",
      "resolved": "http://r.npm.sankuai.com/deep-is/download/deep-is-0.1.3.tgz",
      "integrity": "sha1-s2nW+128E+7PUk+RsHD+7cNXzzQ="
    },
    "escodegen": {
      "version": "1.8.1",
      "resolved": "http://r.npm.sankuai.com/escodegen/download/escodegen-1.8.1.tgz",
      "integrity": "sha1-WltTr0aTEQvrsIZ6o0MN07cKEBg=",
      "requires": {
        "esprima": "^2.7.1",
        "estraverse": "^1.9.1",
        "esutils": "^2.0.2",
        "optionator": "^0.8.1",
        "source-map": "~0.2.0"
      }
    },
    "esprima": {
      "version": "2.7.3",
      "resolved": "http://r.npm.sankuai.com/esprima/download/esprima-2.7.3.tgz",
      "integrity": "sha1-luO3DVd59q1JzQMmc9HDEnZ7pYE="
    },
    "estraverse": {
      "version": "1.9.3",
      "resolved": "http://r.npm.sankuai.com/estraverse/download/estraverse-1.9.3.tgz",
      "integrity": "sha1-r2fy3JIlgkFZUJJgkaQAXSnJu0Q="
    },
    "esutils": {
      "version": "2.0.3",
      "resolved": "http://r.npm.sankuai.com/esutils/download/esutils-2.0.3.tgz",
      "integrity": "sha1-dNLrTeC42hKTcRkQ1Qd1ubcQ72Q="
    },
    "fast-levenshtein": {
      "version": "2.0.6",
      "resolved": "http://r.npm.sankuai.com/fast-levenshtein/download/fast-levenshtein-2.0.6.tgz",
      "integrity": "sha1-PYpcZog6FqMMqGQ+hR8Zuqd5eRc="
    },
    "get-func-name": {
      "version": "2.0.0",
      "resolved": "http://r.npm.sankuai.com/get-func-name/download/get-func-name-2.0.0.tgz",
      "integrity": "sha1-6td0q+5y4gQJQzoGY2YCPdaIekE="
    },
    "glob": {
      "version": "5.0.15",
      "resolved": "http://r.npm.sankuai.com/glob/download/glob-5.0.15.tgz",
      "integrity": "sha1-G8k2ueAvSmA/zCIuz3Yz0wuLk7E=",
      "requires": {
        "inflight": "^1.0.4",
        "inherits": "2",
        "minimatch": "2 || 3",
        "once": "^1.3.0",
        "path-is-absolute": "^1.0.0"
      }
    },
    "handlebars": {
      "version": "4.5.1",
      "resolved": "http://r.npm.sankuai.com/handlebars/download/handlebars-4.5.1.tgz",
      "integrity": "sha1-igHDgsGAJyJg0H8tGqOudFcVx7o=",
      "requires": {
        "neo-async": "^2.6.0",
        "optimist": "^0.6.1",
        "source-map": "^0.6.1",
        "uglify-js": "^3.1.4"
      },
      "dependencies": {
        "source-map": {
          "version": "0.6.1",
          "resolved": "http://r.npm.sankuai.com/source-map/download/source-map-0.6.1.tgz",
          "integrity": "sha1-dHIq8y6WFOnCh6jQu95IteLxomM="
        }
      }
    },
    "has-flag": {
      "version": "1.0.0",
      "resolved": "http://r.npm.sankuai.com/has-flag/download/has-flag-1.0.0.tgz",
      "integrity": "sha1-nZ55MWXOAXoA8AQYxD+UKnsdEfo="
    },
    "inflight": {
      "version": "1.0.6",
      "resolved": "http://r.npm.sankuai.com/inflight/download/inflight-1.0.6.tgz",
      "integrity": "sha1-Sb1jMdfQLQwJvJEKEHW6gWW1bfk=",
      "requires": {
        "once": "^1.3.0",
        "wrappy": "1"
      }
    },
    "inherits": {
      "version": "2.0.4",
      "resolved": "http://r.npm.sankuai.com/inherits/download/inherits-2.0.4.tgz",
      "integrity": "sha1-D6LGT5MpF8NDOg3tVTY6rjdBa3w="
    },
    "isexe": {
      "version": "2.0.0",
      "resolved": "http://r.npm.sankuai.com/isexe/download/isexe-2.0.0.tgz",
      "integrity": "sha1-6PvzdNxVb/iUehDcsFctYz8s+hA="
    },
    "istanbul": {
      "version": "0.4.5",
      "resolved": "http://r.npm.sankuai.com/istanbul/download/istanbul-0.4.5.tgz",
      "integrity": "sha1-ZcfXPUxNqE1POsMQuRj7C4Azczs=",
      "requires": {
        "abbrev": "1.0.x",
        "async": "1.x",
        "escodegen": "1.8.x",
        "esprima": "2.7.x",
        "glob": "^5.0.15",
        "handlebars": "^4.0.1",
        "js-yaml": "3.x",
        "mkdirp": "0.5.x",
        "nopt": "3.x",
        "once": "1.x",
        "resolve": "1.1.x",
        "supports-color": "^3.1.0",
        "which": "^1.1.1",
        "wordwrap": "^1.0.0"
      }
    },
    "js-yaml": {
      "version": "3.13.1",
      "resolved": "http://r.npm.sankuai.com/js-yaml/download/js-yaml-3.13.1.tgz",
      "integrity": "sha1-r/FRswv9+o5J4F2iLnQV6d+jeEc=",
      "requires": {
        "argparse": "^1.0.7",
        "esprima": "^4.0.0"
      },
      "dependencies": {
        "esprima": {
          "version": "4.0.1",
          "resolved": "http://r.npm.sankuai.com/esprima/download/esprima-4.0.1.tgz",
          "integrity": "sha1-E7BM2z5sXRnfkatph6hpVhmwqnE="
        }
      }
    },
    "levn": {
      "version": "0.3.0",
      "resolved": "http://r.npm.sankuai.com/levn/download/levn-0.3.0.tgz",
      "integrity": "sha1-OwmSTt+fCDwEkP3UwLxEIeBHZO4=",
      "requires": {
        "prelude-ls": "~1.1.2",
        "type-check": "~0.3.2"
      }
    },
    "minimatch": {
      "version": "3.1.2",
      "resolved": "https://registry.npmjs.org/minimatch/-/minimatch-3.1.2.tgz",
      "integrity": "sha512-J7p63hRiAjw1NDEww1W7i37+ByIrOWO5XQQAzZ3VOcL0PNybwpfmV/N05zFAzwQ9USyEcX6t3UO+K5aqBQOIHw==",
      "requires": {
        "brace-expansion": "^1.1.7"
      }
    },
    "minimist": {
      "version": "0.0.10",
      "resolved": "http://r.npm.sankuai.com/minimist/download/minimist-0.0.10.tgz",
      "integrity": "sha1-3j+YVD2/lggr5IrRoMfNqDYwHc8="
    },
    "mkdirp": {
      "version": "0.5.1",
      "resolved": "http://r.npm.sankuai.com/mkdirp/download/mkdirp-0.5.1.tgz",
      "integrity": "sha1-MAV0OOrGz3+MR2fzhkjWaX11yQM=",
      "requires": {
        "minimist": "0.0.8"
      },
      "dependencies": {
        "minimist": {
          "version": "0.0.8",
          "resolved": "http://r.npm.sankuai.com/minimist/download/minimist-0.0.8.tgz",
          "integrity": "sha1-hX/Kv8M5fSYluCKCYuhqp6ARsF0="
        }
      }
    },
    "neo-async": {
      "version": "2.6.1",
      "resolved": "http://r.npm.sankuai.com/neo-async/download/neo-async-2.6.1.tgz",
      "integrity": "sha1-rCetpmFn+ohJpq3dg39rGJrSCBw="
    },
    "nopt": {
      "version": "3.0.6",
      "resolved": "http://r.npm.sankuai.com/nopt/download/nopt-3.0.6.tgz",
      "integrity": "sha1-xkZdvwirzU2zWTF/eaxopkayj/k=",
      "requires": {
        "abbrev": "1"
      }
    },
    "once": {
      "version": "1.4.0",
      "resolved": "http://r.npm.sankuai.com/once/download/once-1.4.0.tgz",
      "integrity": "sha1-WDsap3WWHUsROsF9nFC6753Xa9E=",
      "requires": {
        "wrappy": "1"
      }
    },
    "optimist": {
      "version": "0.6.1",
      "resolved": "http://r.npm.sankuai.com/optimist/download/optimist-0.6.1.tgz",
      "integrity": "sha1-2j6nRob6IaGaERwybpDrFaAZZoY=",
      "requires": {
        "minimist": "~0.0.1",
        "wordwrap": "~0.0.2"
      },
      "dependencies": {
        "wordwrap": {
          "version": "0.0.3",
          "resolved": "http://r.npm.sankuai.com/wordwrap/download/wordwrap-0.0.3.tgz",
          "integrity": "sha1-o9XabNXAvAAI03I0u68b7WMFkQc="
        }
      }
    },
    "optionator": {
      "version": "0.8.3",
      "resolved": "http://r.npm.sankuai.com/optionator/download/optionator-0.8.3.tgz",
      "integrity": "sha1-hPodA2/p08fiHZmIS2ARZ+yPtJU=",
      "requires": {
        "deep-is": "~0.1.3",
        "fast-levenshtein": "~2.0.6",
        "levn": "~0.3.0",
        "prelude-ls": "~1.1.2",
        "type-check": "~0.3.2",
        "word-wrap": "~1.2.3"
      }
    },
    "path-is-absolute": {
      "version": "1.0.1",
      "resolved": "http://r.npm.sankuai.com/path-is-absolute/download/path-is-absolute-1.0.1.tgz",
      "integrity": "sha1-F0uSaHNVNP+8es5r9TpanhtcX18="
    },
    "pathval": {
      "version": "1.1.0",
      "resolved": "http://r.npm.sankuai.com/pathval/download/pathval-1.1.0.tgz",
      "integrity": "sha1-uULm1L3mUwBe9rcTYd74cn0GReA="
    },
    "prelude-ls": {
      "version": "1.1.2",
      "resolved": "http://r.npm.sankuai.com/prelude-ls/download/prelude-ls-1.1.2.tgz",
      "integrity": "sha1-IZMqVJ9eUv/ZqCf1cOBL5iqX2lQ="
    },
    "resolve": {
      "version": "1.1.7",
      "resolved": "http://r.npm.sankuai.com/resolve/download/resolve-1.1.7.tgz",
      "integrity": "sha1-IDEU2CrSxe2ejgQRs5ModeiJ6Xs="
    },
    "source-map": {
      "version": "0.2.0",
      "resolved": "http://r.npm.sankuai.com/source-map/download/source-map-0.2.0.tgz",
      "integrity": "sha1-2rc/vPwrqBm03gO9b26qSBZLP50=",
      "optional": true,
      "requires": {
        "amdefine": ">=0.0.4"
      }
    },
    "sprintf-js": {
      "version": "1.0.3",
      "resolved": "http://r.npm.sankuai.com/sprintf-js/download/sprintf-js-1.0.3.tgz",
      "integrity": "sha1-BOaSb2YolTVPPdAVIDYzuFcpfiw="
    },
    "supports-color": {
      "version": "3.2.3",
      "resolved": "http://r.npm.sankuai.com/supports-color/download/supports-color-3.2.3.tgz",
      "integrity": "sha1-ZawFBLOVQXHYpklGsq48u4pfVPY=",
      "requires": {
        "has-flag": "^1.0.0"
      }
    },
    "type-check": {
      "version": "0.3.2",
      "resolved": "http://r.npm.sankuai.com/type-check/download/type-check-0.3.2.tgz",
      "integrity": "sha1-WITKtRLPHTVeP7eE8wgEsrUg23I=",
      "requires": {
        "prelude-ls": "~1.1.2"
      }
    },
    "type-detect": {
      "version": "4.0.8",
      "resolved": "http://r.npm.sankuai.com/type-detect/download/type-detect-4.0.8.tgz",
      "integrity": "sha1-dkb7XxiHHPu3dJ5pvTmmOI63RQw="
    },
    "uglify-js": {
      "version": "3.6.8",
      "resolved": "http://r.npm.sankuai.com/uglify-js/download/uglify-js-3.6.8.tgz",
      "integrity": "sha1-Xty8+dScuwQD3En4Vv6BUw1lFF4=",
      "optional": true,
      "requires": {
        "commander": "~2.20.3",
        "source-map": "~0.6.1"
      },
      "dependencies": {
        "source-map": {
          "version": "0.6.1",
          "resolved": "http://r.npm.sankuai.com/source-map/download/source-map-0.6.1.tgz",
          "integrity": "sha1-dHIq8y6WFOnCh6jQu95IteLxomM=",
          "optional": true
        }
      }
    },
    "which": {
      "version": "1.3.1",
      "resolved": "http://r.npm.sankuai.com/which/download/which-1.3.1.tgz",
      "integrity": "sha1-pFBD1U9YBTFtqNYvn1CRjT2nCwo=",
      "requires": {
        "isexe": "^2.0.0"
      }
    },
    "word-wrap": {
      "version": "1.2.3",
      "resolved": "http://r.npm.sankuai.com/word-wrap/download/word-wrap-1.2.3.tgz",
      "integrity": "sha1-YQY29rH3A4kb00dxzLF/uTtHB5w="
    },
    "wordwrap": {
      "version": "1.0.0",
      "resolved": "http://r.npm.sankuai.com/wordwrap/download/wordwrap-1.0.0.tgz",
      "integrity": "sha1-J1hIEIkUVqQXHI0CJkQa3pDLyus="
    },
    "wrappy": {
      "version": "1.0.2",
      "resolved": "http://r.npm.sankuai.com/wrappy/download/wrappy-1.0.2.tgz",
      "integrity": "sha1-tSQ9jz7BqjXxNkYFvA0QNuMKtp8="
    }
  }
}
